
Microsoft Visual Studio Solution File, Format Version 12.00
# Visual Studio Version 16
VisualStudioVersion = 16.0.30804.86
MinimumVisualStudioVersion = 10.0.40219.1
Project("{FAE04EC0-301F-11D3-BF4B-00C04F79EFBC}") = "Tro", "Tro\Tro.csproj", "{5DBFD54E-1AF6-4719-BD97-638C10A9C277}"
EndProject
Global
	GlobalSection(SolutionConfigurationPlatforms) = preSolution
		Debug|Any CPU = Debug|Any CPU
		Release|Any CPU = Release|Any CPU
	EndGlobalSection
	GlobalSection(ProjectConfigurationPlatforms) = postSolution
		{5DBFD54E-1AF6-4719-BD97-638C10A9C277}.Debug|Any CPU.ActiveCfg = Debug|Any CPU
		{5DBFD54E-1AF6-4719-BD97-638C10A9C277}.Debug|Any CPU.Build.0 = Debug|Any CPU
		{5DBFD54E-1AF6-4719-BD97-638C10A9C277}.Release|Any CPU.ActiveCfg = Release|Any CPU
		{5DBFD54E-1AF6-4719-BD97-638C10A9C277}.Release|Any CPU.Build.0 = Release|Any CPU
	EndGlobalSection
	GlobalSection(SolutionProperties) = preSolution
		HideSolutionNode = FALSE
	EndGlobalSection
	GlobalSection(ExtensibilityGlobals) = postSolution
		SolutionGuid = {395E49E9-66DB-4353-BB7A-23634A08D863}
	EndGlobalSection
EndGlobal
